// !$*UTF8*$!
{
	archiveVersion = 1;
	classes = {
	};
	objectVersion = 56;
	objects = {

/* Begin PBXBuildFile section */
		55BF0D482987D2B300CC8FB4 /* AppDelegate.swift in Sources */ = {isa = PBXBuildFile; fileRef = 55BF0D472987D2B300CC8FB4 /* AppDelegate.swift */; };
		55BF0D4A2987D2B300CC8FB4 /* SceneDelegate.swift in Sources */ = {isa = PBXBuildFile; fileRef = 55BF0D492987D2B300CC8FB4 /* SceneDelegate.swift */; };
		55BF0D4C2987D2B300CC8FB4 /* ViewController.swift in Sources */ = {isa = PBXBuildFile; fileRef = 55BF0D4B2987D2B300CC8FB4 /* ViewController.swift */; };
		55BF0D4F2987D2B300CC8FB4 /* Main.storyboard in Resources */ = {isa = PBXBuildFile; fileRef = 55BF0D4D2987D2B300CC8FB4 /* Main.storyboard */; };
		55BF0D512987D2B500CC8FB4 /* Assets.xcassets in Resources */ = {isa = PBXBuildFile; fileRef = 55BF0D502987D2B500CC8FB4 /* Assets.xcassets */; };
		55BF0D542987D2B500CC8FB4 /* LaunchScreen.storyboard in Resources */ = {isa = PBXBuildFile; fileRef = 55BF0D522987D2B500CC8FB4 /* LaunchScreen.storyboard */; };
		55BF0D5F2987D2B600CC8FB4 /* PicAnswerTests.swift in Sources */ = {isa = PBXBuildFile; fileRef = 55BF0D5E2987D2B600CC8FB4 /* PicAnswerTests.swift */; };
		55BF0D692987D2B600CC8FB4 /* PicAnswerUITests.swift in Sources */ = {isa = PBXBuildFile; fileRef = 55BF0D682987D2B600CC8FB4 /* PicAnswerUITests.swift */; };
		55BF0D6B2987D2B600CC8FB4 /* PicAnswerUITestsLaunchTests.swift in Sources */ = {isa = PBXBuildFile; fileRef = 55BF0D6A2987D2B600CC8FB4 /* PicAnswerUITestsLaunchTests.swift */; };
/* End PBXBuildFile section */

/* Begin PBXContainerItemProxy section */
		55BF0D5B2987D2B600CC8FB4 /* PBXContainerItemProxy */ = {
			isa = PBXContainerItemProxy;
			containerPortal = 55BF0D3C2987D2B300CC8FB4 /* Project object */;
			proxyType = 1;
			remoteGlobalIDString = 55BF0D432987D2B300CC8FB4;
			remoteInfo = PicAnswer;
		};
		55BF0D652987D2B600CC8FB4 /* PBXContainerItemProxy */ = {
			isa = PBXContainerItemProxy;
			containerPortal = 55BF0D3C2987D2B300CC8FB4 /* Project object */;
			proxyType = 1;
			remoteGlobalIDString = 55BF0D432987D2B300CC8FB4;
			remoteInfo = PicAnswer;
		};
/* End PBXContainerItemProxy section */

/* Begin PBXFileReference section */
		55BF0D442987D2B300CC8FB4 /* PicAnswer.app */ = {isa = PBXFileReference; explicitFileType = wrapper.application; includeInIndex = 0; path = PicAnswer.app; sourceTree = BUILT_PRODUCTS_DIR; };
		55BF0D472987D2B300CC8FB4 /* AppDelegate.swift */ = {isa = PBXFileReference; lastKnownFileType = sourcecode.swift; path = AppDelegate.swift; sourceTree = "<group>"; };
		55BF0D492987D2B300CC8FB4 /* SceneDelegate.swift */ = {isa = PBXFileReference; lastKnownFileType = sourcecode.swift; path = SceneDelegate.swift; sourceTree = "<group>"; };
		55BF0D4B2987D2B300CC8FB4 /* ViewController.swift */ = {isa = PBXFileReference; lastKnownFileType = sourcecode.swift; path = ViewController.swift; sourceTree = "<group>"; };
		55BF0D4E2987D2B300CC8FB4 /* Base */ = {isa = PBXFileReference; lastKnownFileType = file.storyboard; name = Base; path = Base.lproj/Main.storyboard; sourceTree = "<group>"; };
		55BF0D502987D2B500CC8FB4 /* Assets.xcassets */ = {isa = PBXFileReference; lastKnownFileType = folder.assetcatalog; path = Assets.xcassets; sourceTree = "<group>"; };
		55BF0D532987D2B500CC8FB4 /* Base */ = {isa = PBXFileReference; lastKnownFileType = file.storyboard; name = Base; path = Base.lproj/LaunchScreen.storyboard; sourceTree = "<group>"; };
		55BF0D552987D2B500CC8FB4 /* Info.plist */ = {isa = PBXFileReference; lastKnownFileType = text.plist.xml; path = Info.plist; sourceTree = "<group>"; };
		55BF0D5A2987D2B600CC8FB4 /* PicAnswerTests.xctest */ = {isa = PBXFileReference; explicitFileType = wrapper.cfbundle; includeInIndex = 0; path = PicAnswerTests.xctest; sourceTree = BUILT_PRODUCTS_DIR; };
		55BF0D5E2987D2B600CC8FB4 /* PicAnswerTests.swift */ = {isa = PBXFileReference; lastKnownFileType = sourcecode.swift; path = PicAnswerTests.swift; sourceTree = "<group>"; };
		55BF0D642987D2B600CC8FB4 /* PicAnswerUITests.xctest */ = {isa = PBXFileReference; explicitFileType = wrapper.cfbundle; includeInIndex = 0; path = PicAnswerUITests.xctest; sourceTree = BUILT_PRODUCTS_DIR; };
		55BF0D682987D2B600CC8FB4 /* PicAnswerUITests.swift */ = {isa = PBXFileReference; lastKnownFileType = sourcecode.swift; path = PicAnswerUITests.swift; sourceTree = "<group>"; };
		55BF0D6A2987D2B600CC8FB4 /* PicAnswerUITestsLaunchTests.swift */ = {isa = PBXFileReference; lastKnownFileType = sourcecode.swift; path = PicAnswerUITestsLaunchTests.swift; sourceTree = "<group>"; };
/* End PBXFileReference section */

/* Begin PBXFrameworksBuildPhase section */
		55BF0D412987D2B300CC8FB4 /* Frameworks */ = {
			isa = PBXFrameworksBuildPhase;
			buildActionMask = 2147483647;
			files = (
			);
			runOnlyForDeploymentPostprocessing = 0;
		};
		55BF0D572987D2B600CC8FB4 /* Frameworks */ = {
			isa = PBXFrameworksBuildPhase;
			buildActionMask = 2147483647;
			files = (
			);
			runOnlyForDeploymentPostprocessing = 0;
		};
		55BF0D612987D2B600CC8FB4 /* Frameworks */ = {
			isa = PBXFrameworksBuildPhase;
			buildActionMask = 2147483647;
			files = (
			);
			runOnlyForDeploymentPostprocessing = 0;
		};
/* End PBXFrameworksBuildPhase section */

/* Begin PBXGroup section */
		55BF0D3B2987D2B300CC8FB4 = {
			isa = PBXGroup;
			children = (
				55BF0D462987D2B300CC8FB4 /* PicAnswer */,
				55BF0D5D2987D2B600CC8FB4 /* PicAnswerTests */,
				55BF0D672987D2B600CC8FB4 /* PicAnswerUITests */,
				55BF0D452987D2B300CC8FB4 /* Products */,
			);
			sourceTree = "<group>";
		};
		55BF0D452987D2B300CC8FB4 /* Products */ = {
			isa = PBXGroup;
			children = (
				55BF0D442987D2B300CC8FB4 /* PicAnswer.app */,
				55BF0D5A2987D2B600CC8FB4 /* PicAnswerTests.xctest */,
				55BF0D642987D2B600CC8FB4 /* PicAnswerUITests.xctest */,
			);
			name = Products;
			sourceTree = "<group>";
		};
		55BF0D462987D2B300CC8FB4 /* PicAnswer */ = {
			isa = PBXGroup;
			children = (
				55BF0D472987D2B300CC8FB4 /* AppDelegate.swift */,
				55BF0D492987D2B300CC8FB4 /* SceneDelegate.swift */,
				55BF0D4B2987D2B300CC8FB4 /* ViewController.swift */,
				55BF0D4D2987D2B300CC8FB4 /* Main.storyboard */,
				55BF0D502987D2B500CC8FB4 /* Assets.xcassets */,
				55BF0D522987D2B500CC8FB4 /* LaunchScreen.storyboard */,
				55BF0D552987D2B500CC8FB4 /* Info.plist */,
			);
			path = PicAnswer;
			sourceTree = "<group>";
		};
		55BF0D5D2987D2B600CC8FB4 /* PicAnswerTests */ = {
			isa = PBXGroup;
			children = (
				55BF0D5E2987D2B600CC8FB4 /* PicAnswerTests.swift */,
			);
			path = PicAnswerTests;
			sourceTree = "<group>";
		};
		55BF0D672987D2B600CC8FB4 /* PicAnswerUITests */ = {
			isa = PBXGroup;
			children = (
				55BF0D682987D2B600CC8FB4 /* PicAnswerUITests.swift */,
				55BF0D6A2987D2B600CC8FB4 /* PicAnswerUITestsLaunchTests.swift */,
			);
			path = PicAnswerUITests;
			sourceTree = "<group>";
		};
/* End PBXGroup section */

/* Begin PBXNativeTarget section */
		55BF0D432987D2B300CC8FB4 /* PicAnswer */ = {
			isa = PBXNativeTarget;
			buildConfigurationList = 55BF0D6E2987D2B600CC8FB4 /* Build configuration list for PBXNativeTarget "PicAnswer" */;
			buildPhases = (
				55BF0D402987D2B300CC8FB4 /* Sources */,
				55BF0D412987D2B300CC8FB4 /* Frameworks */,
				55BF0D422987D2B300CC8FB4 /* Resources */,
			);
			buildRules = (
			);
			dependencies = (
			);
			name = PicAnswer;
			productName = PicAnswer;
			productReference = 55BF0D442987D2B300CC8FB4 /* PicAnswer.app */;
			productType = "com.apple.product-type.application";
		};
		55BF0D592987D2B600CC8FB4 /* PicAnswerTests */ = {
			isa = PBXNativeTarget;
			buildConfigurationList = 55BF0D712987D2B600CC8FB4 /* Build configuration list for PBXNativeTarget "PicAnswerTests" */;
			buildPhases = (
				55BF0D562987D2B600CC8FB4 /* Sources */,
				55BF0D572987D2B600CC8FB4 /* Frameworks */,
				55BF0D582987D2B600CC8FB4 /* Resources */,
			);
			buildRules = (
			);
			dependencies = (
				55BF0D5C2987D2B600CC8FB4 /* PBXTargetDependency */,
			);
			name = PicAnswerTests;
			productName = PicAnswerTests;
			productReference = 55BF0D5A2987D2B600CC8FB4 /* PicAnswerTests.xctest */;
			productType = "com.apple.product-type.bundle.unit-test";
		};
		55BF0D632987D2B600CC8FB4 /* PicAnswerUITests */ = {
			isa = PBXNativeTarget;
			buildConfigurationList = 55BF0D742987D2B600CC8FB4 /* Build configuration list for PBXNativeTarget "PicAnswerUITests" */;
			buildPhases = (
				55BF0D602987D2B600CC8FB4 /* Sources */,
				55BF0D612987D2B600CC8FB4 /* Frameworks */,
				55BF0D622987D2B600CC8FB4 /* Resources */,
			);
			buildRules = (
			);
			dependencies = (
				55BF0D662987D2B600CC8FB4 /* PBXTargetDependency */,
			);
			name = PicAnswerUITests;
			productName = PicAnswerUITests;
			productReference = 55BF0D642987D2B600CC8FB4 /* PicAnswerUITests.xctest */;
			productType = "com.apple.product-type.bundle.ui-testing";
		};
/* End PBXNativeTarget section */

/* Begin PBXProject section */
		55BF0D3C2987D2B300CC8FB4 /* Project object */ = {
			isa = PBXProject;
			attributes = {
				BuildIndependentTargetsInParallel = 1;
				LastSwiftUpdateCheck = 1420;
				LastUpgradeCheck = 1420;
				TargetAttributes = {
					55BF0D432987D2B300CC8FB4 = {
						CreatedOnToolsVersion = 14.2;
					};
					55BF0D592987D2B600CC8FB4 = {
						CreatedOnToolsVersion = 14.2;
						TestTargetID = 55BF0D432987D2B300CC8FB4;
					};
					55BF0D632987D2B600CC8FB4 = {
						CreatedOnToolsVersion = 14.2;
						TestTargetID = 55BF0D432987D2B300CC8FB4;
					};
				};
			};
			buildConfigurationList = 55BF0D3F2987D2B300CC8FB4 /* Build configuration list for PBXProject "PicAnswer" */;
			compatibilityVersion = "Xcode 14.0";
			developmentRegion = en;
			hasScannedForEncodings = 0;
			knownRegions = (
				en,
				Base,
			);
			mainGroup = 55BF0D3B2987D2B300CC8FB4;
			productRefGroup = 55BF0D452987D2B300CC8FB4 /* Products */;
			projectDirPath = "";
			projectRoot = "";
			targets = (
				55BF0D432987D2B300CC8FB4 /* PicAnswer */,
				55BF0D592987D2B600CC8FB4 /* PicAnswerTests */,
				55BF0D632987D2B600CC8FB4 /* PicAnswerUITests */,
			);
		};
/* End PBXProject section */

/* Begin PBXResourcesBuildPhase section */
		55BF0D422987D2B300CC8FB4 /* Resources */ = {
			isa = PBXResourcesBuildPhase;
			buildActionMask = 2147483647;
			files = (
				55BF0D542987D2B500CC8FB4 /* LaunchScreen.storyboard in Resources */,
				55BF0D512987D2B500CC8FB4 /* Assets.xcassets in Resources */,
				55BF0D4F2987D2B300CC8FB4 /* Main.storyboard in Resources */,
			);
			runOnlyForDeploymentPostprocessing = 0;
		};
		55BF0D582987D2B600CC8FB4 /* Resources */ = {
			isa = PBXResourcesBuildPhase;
			buildActionMask = 2147483647;
			files = (
			);
			runOnlyForDeploymentPostprocessing = 0;
		};
		55BF0D622987D2B600CC8FB4 /* Resources */ = {
			isa = PBXResourcesBuildPhase;
			buildActionMask = 2147483647;
			files = (
			);
			runOnlyForDeploymentPostprocessing = 0;
		};
/* End PBXResourcesBuildPhase section */

/* Begin PBXSourcesBuildPhase section */
		55BF0D402987D2B300CC8FB4 /* Sources */ = {
			isa = PBXSourcesBuildPhase;
			buildActionMask = 2147483647;
			files = (
				55BF0D4C2987D2B300CC8FB4 /* ViewController.swift in Sources */,
				55BF0D482987D2B300CC8FB4 /* AppDelegate.swift in Sources */,
				55BF0D4A2987D2B300CC8FB4 /* SceneDelegate.swift in Sources */,
			);
			runOnlyForDeploymentPostprocessing = 0;
		};
		55BF0D562987D2B600CC8FB4 /* Sources */ = {
			isa = PBXSourcesBuildPhase;
			buildActionMask = 2147483647;
			files = (
				55BF0D5F2987D2B600CC8FB4 /* PicAnswerTests.swift in Sources */,
			);
			runOnlyForDeploymentPostprocessing = 0;
		};
		55BF0D602987D2B600CC8FB4 /* Sources */ = {
			isa = PBXSourcesBuildPhase;
			buildActionMask = 2147483647;
			files = (
				55BF0D692987D2B600CC8FB4 /* PicAnswerUITests.swift in Sources */,
				55BF0D6B2987D2B600CC8FB4 /* PicAnswerUITestsLaunchTests.swift in Sources */,
			);
			runOnlyForDeploymentPostprocessing = 0;
		};
/* End PBXSourcesBuildPhase section */

/* Begin PBXTargetDependency section */
		55BF0D5C2987D2B600CC8FB4 /* PBXTargetDependency */ = {
			isa = PBXTargetDependency;
			target = 55BF0D432987D2B300CC8FB4 /* PicAnswer */;
			targetProxy = 55BF0D5B2987D2B600CC8FB4 /* PBXContainerItemProxy */;
		};
		55BF0D662987D2B600CC8FB4 /* PBXTargetDependency */ = {
			isa = PBXTargetDependency;
			target = 55BF0D432987D2B300CC8FB4 /* PicAnswer */;
			targetProxy = 55BF0D652987D2B600CC8FB4 /* PBXContainerItemProxy */;
		};
/* End PBXTargetDependency section */

/* Begin PBXVariantGroup section */
		55BF0D4D2987D2B300CC8FB4 /* Main.storyboard */ = {
			isa = PBXVariantGroup;
			children = (
				55BF0D4E2987D2B300CC8FB4 /* Base */,
			);
			name = Main.storyboard;
			sourceTree = "<group>";
		};
		55BF0D522987D2B500CC8FB4 /* LaunchScreen.storyboard */ = {
			isa = PBXVariantGroup;
			children = (
				55BF0D532987D2B500CC8FB4 /* Base */,
			);
			name = LaunchScreen.storyboard;
			sourceTree = "<group>";
		};
/* End PBXVariantGroup section */

/* Begin XCBuildConfiguration section */
		55BF0D6C2987D2B600CC8FB4 /* Debug */ = {
			isa = XCBuildConfiguration;
			buildSettings = {
				ALWAYS_SEARCH_USER_PATHS = NO;
				CLANG_ANALYZER_NONNULL = YES;
				CLANG_ANALYZER_NUMBER_OBJECT_CONVERSION = YES_AGGRESSIVE;
				CLANG_CXX_LANGUAGE_STANDARD = "gnu++20";
				CLANG_ENABLE_MODULES = YES;
				CLANG_ENABLE_OBJC_ARC = YES;
				CLANG_ENABLE_OBJC_WEAK = YES;
				CLANG_WARN_BLOCK_CAPTURE_AUTORELEASING = YES;
				CLANG_WARN_BOOL_CONVERSION = YES;
				CLANG_WARN_COMMA = YES;
				CLANG_WARN_CONSTANT_CONVERSION = YES;
				CLANG_WARN_DEPRECATED_OBJC_IMPLEMENTATIONS = YES;
				CLANG_WARN_DIRECT_OBJC_ISA_USAGE = YES_ERROR;
				CLANG_WARN_DOCUMENTATION_COMMENTS = YES;
				CLANG_WARN_EMPTY_BODY = YES;
				CLANG_WARN_ENUM_CONVERSION = YES;
				CLANG_WARN_INFINITE_RECURSION = YES;
				CLANG_WARN_INT_CONVERSION = YES;
				CLANG_WARN_NON_LITERAL_NULL_CONVERSION = YES;
				CLANG_WARN_OBJC_IMPLICIT_RETAIN_SELF = YES;
				CLANG_WARN_OBJC_LITERAL_CONVERSION = YES;
				CLANG_WARN_OBJC_ROOT_CLASS = YES_ERROR;
				CLANG_WARN_QUOTED_INCLUDE_IN_FRAMEWORK_HEADER = YES;
				CLANG_WARN_RANGE_LOOP_ANALYSIS = YES;
				CLANG_WARN_STRICT_PROTOTYPES = YES;
				CLANG_WARN_SUSPICIOUS_MOVE = YES;
				CLANG_WARN_UNGUARDED_AVAILABILITY = YES_AGGRESSIVE;
				CLANG_WARN_UNREACHABLE_CODE = YES;
				CLANG_WARN__DUPLICATE_METHOD_MATCH = YES;
				COPY_PHASE_STRIP = NO;
				DEBUG_INFORMATION_FORMAT = dwarf;
				ENABLE_STRICT_OBJC_MSGSEND = YES;
				ENABLE_TESTABILITY = YES;
				GCC_C_LANGUAGE_STANDARD = gnu11;
				GCC_DYNAMIC_NO_PIC = NO;
				GCC_NO_COMMON_BLOCKS = YES;
				GCC_OPTIMIZATION_LEVEL = 0;
				GCC_PREPROCESSOR_DEFINITIONS = (
					"DEBUG=1",
					"$(inherited)",
				);
				GCC_WARN_64_TO_32_BIT_CONVERSION = YES;
				GCC_WARN_ABOUT_RETURN_TYPE = YES_ERROR;
				GCC_WARN_UNDECLARED_SELECTOR = YES;
				GCC_WARN_UNINITIALIZED_AUTOS = YES_AGGRESSIVE;
				GCC_WARN_UNUSED_FUNCTION = YES;
				GCC_WARN_UNUSED_VARIABLE = YES;
				IPHONEOS_DEPLOYMENT_TARGET = 16.2;
				MTL_ENABLE_DEBUG_INFO = INCLUDE_SOURCE;
				MTL_FAST_MATH = YES;
				ONLY_ACTIVE_ARCH = YES;
				SDKROOT = iphoneos;
				SWIFT_ACTIVE_COMPILATION_CONDITIONS = DEBUG;
				SWIFT_OPTIMIZATION_LEVEL = "-Onone";
			};
			name = Debug;
		};
		55BF0D6D2987D2B600CC8FB4 /* Release */ = {
			isa = XCBuildConfiguration;
			buildSettings = {
				ALWAYS_SEARCH_USER_PATHS = NO;
				CLANG_ANALYZER_NONNULL = YES;
				CLANG_ANALYZER_NUMBER_OBJECT_CONVERSION = YES_AGGRESSIVE;
				CLANG_CXX_LANGUAGE_STANDARD = "gnu++20";
				CLANG_ENABLE_MODULES = YES;
				CLANG_ENABLE_OBJC_ARC = YES;
				CLANG_ENABLE_OBJC_WEAK = YES;
				CLANG_WARN_BLOCK_CAPTURE_AUTORELEASING = YES;
				CLANG_WARN_BOOL_CONVERSION = YES;
				CLANG_WARN_COMMA = YES;
				CLANG_WARN_CONSTANT_CONVERSION = YES;
				CLANG_WARN_DEPRECATED_OBJC_IMPLEMENTATIONS = YES;
				CLANG_WARN_DIRECT_OBJC_ISA_USAGE = YES_ERROR;
				CLANG_WARN_DOCUMENTATION_COMMENTS = YES;
				CLANG_WARN_EMPTY_BODY = YES;
				CLANG_WARN_ENUM_CONVERSION = YES;
				CLANG_WARN_INFINITE_RECURSION = YES;
				CLANG_WARN_INT_CONVERSION = YES;
				CLANG_WARN_NON_LITERAL_NULL_CONVERSION = YES;
				CLANG_WARN_OBJC_IMPLICIT_RETAIN_SELF = YES;
				CLANG_WARN_OBJC_LITERAL_CONVERSION = YES;
				CLANG_WARN_OBJC_ROOT_CLASS = YES_ERROR;
				CLANG_WARN_QUOTED_INCLUDE_IN_FRAMEWORK_HEADER = YES;
				CLANG_WARN_RANGE_LOOP_ANALYSIS = YES;
				CLANG_WARN_STRICT_PROTOTYPES = YES;
				CLANG_WARN_SUSPICIOUS_MOVE = YES;
				CLANG_WARN_UNGUARDED_AVAILABILITY = YES_AGGRESSIVE;
				CLANG_WARN_UNREACHABLE_CODE = YES;
				CLANG_WARN__DUPLICATE_METHOD_MATCH = YES;
				COPY_PHASE_STRIP = NO;
				DEBUG_INFORMATION_FORMAT = "dwarf-with-dsym";
				ENABLE_NS_ASSERTIONS = NO;
				ENABLE_STRICT_OBJC_MSGSEND = YES;
				GCC_C_LANGUAGE_STANDARD = gnu11;
				GCC_NO_COMMON_BLOCKS = YES;
				GCC_WARN_64_TO_32_BIT_CONVERSION = YES;
				GCC_WARN_ABOUT_RETURN_TYPE = YES_ERROR;
				GCC_WARN_UNDECLARED_SELECTOR = YES;
				GCC_WARN_UNINITIALIZED_AUTOS = YES_AGGRESSIVE;
				GCC_WARN_UNUSED_FUNCTION = YES;
				GCC_WARN_UNUSED_VARIABLE = YES;
				IPHONEOS_DEPLOYMENT_TARGET = 16.2;
				MTL_ENABLE_DEBUG_INFO = NO;
				MTL_FAST_MATH = YES;
				SDKROOT = iphoneos;
				SWIFT_COMPILATION_MODE = wholemodule;
				SWIFT_OPTIMIZATION_LEVEL = "-O";
				VALIDATE_PRODUCT = YES;
			};
			name = Release;
		};
		55BF0D6F2987D2B600CC8FB4 /* Debug */ = {
			isa = XCBuildConfiguration;
			buildSettings = {
				ASSETCATALOG_COMPILER_APPICON_NAME = AppIcon;
				ASSETCATALOG_COMPILER_GLOBAL_ACCENT_COLOR_NAME = AccentColor;
				CODE_SIGN_STYLE = Automatic;
				CURRENT_PROJECT_VERSION = 1;
				GENERATE_INFOPLIST_FILE = YES;
				INFOPLIST_FILE = PicAnswer/Info.plist;
				INFOPLIST_KEY_UIApplicationSupportsIndirectInputEvents = YES;
				INFOPLIST_KEY_UILaunchStoryboardName = LaunchScreen;
				INFOPLIST_KEY_UIMainStoryboardFile = Main;
				INFOPLIST_KEY_UISupportedInterfaceOrientations_iPad = "UIInterfaceOrientationPortrait UIInterfaceOrientationPortraitUpsideDown UIInterfaceOrientationLandscapeLeft UIInterfaceOrientationLandscapeRight";
				INFOPLIST_KEY_UISupportedInterfaceOrientations_iPhone = "UIInterfaceOrientationPortrait UIInterfaceOrientationLandscapeLeft UIInterfaceOrientationLandscapeRight";
				LD_RUNPATH_SEARCH_PATHS = (
					"$(inherited)",
					"@executable_path/Frameworks",
				);
				MARKETING_VERSION = 1.0;
				PRODUCT_BUNDLE_IDENTIFIER = com.picAnswer.PicAnswer;
				PRODUCT_NAME = "$(TARGET_NAME)";
				SWIFT_EMIT_LOC_STRINGS = YES;
				SWIFT_VERSION = 5.0;
				TARGETED_DEVICE_FAMILY = "1,2";
			};
			name = Debug;
		};
		55BF0D702987D2B600CC8FB4 /* Release */ = {
			isa = XCBuildConfiguration;
			buildSettings = {
				ASSETCATALOG_COMPILER_APPICON_NAME = AppIcon;
				ASSETCATALOG_COMPILER_GLOBAL_ACCENT_COLOR_NAME = AccentColor;
				CODE_SIGN_STYLE = Automatic;
				CURRENT_PROJECT_VERSION = 1;
				GENERATE_INFOPLIST_FILE = YES;
				INFOPLIST_FILE = PicAnswer/Info.plist;
				INFOPLIST_KEY_UIApplicationSupportsIndirectInputEvents = YES;
				INFOPLIST_KEY_UILaunchStoryboardName = LaunchScreen;
				INFOPLIST_KEY_UIMainStoryboardFile = Main;
				INFOPLIST_KEY_UISupportedInterfaceOrientations_iPad = "UIInterfaceOrientationPortrait UIInterfaceOrientationPortraitUpsideDown UIInterfaceOrientationLandscapeLeft UIInterfaceOrientationLandscapeRight";
				INFOPLIST_KEY_UISupportedInterfaceOrientations_iPhone = "UIInterfaceOrientationPortrait UIInterfaceOrientationLandscapeLeft UIInterfaceOrientationLandscapeRight";
				LD_RUNPATH_SEARCH_PATHS = (
					"$(inherited)",
					"@executable_path/Frameworks",
				);
				MARKETING_VERSION = 1.0;
				PRODUCT_BUNDLE_IDENTIFIER = com.picAnswer.PicAnswer;
				PRODUCT_NAME = "$(TARGET_NAME)";
				SWIFT_EMIT_LOC_STRINGS = YES;
				SWIFT_VERSION = 5.0;
				TARGETED_DEVICE_FAMILY = "1,2";
			};
			name = Release;
		};
		55BF0D722987D2B600CC8FB4 /* Debug */ = {
			isa = XCBuildConfiguration;
			buildSettings = {
				ALWAYS_EMBED_SWIFT_STANDARD_LIBRARIES = YES;
				BUNDLE_LOADER = "$(TEST_HOST)";
				CODE_SIGN_STYLE = Automatic;
				CURRENT_PROJECT_VERSION = 1;
				GENERATE_INFOPLIST_FILE = YES;
				IPHONEOS_DEPLOYMENT_TARGET = 16.2;
				MARKETING_VERSION = 1.0;
				PRODUCT_BUNDLE_IDENTIFIER = com.picAnswer.PicAnswerTests;
				PRODUCT_NAME = "$(TARGET_NAME)";
				SWIFT_EMIT_LOC_STRINGS = NO;
				SWIFT_VERSION = 5.0;
				TARGETED_DEVICE_FAMILY = "1,2";
				TEST_HOST = "$(BUILT_PRODUCTS_DIR)/PicAnswer.app/$(BUNDLE_EXECUTABLE_FOLDER_PATH)/PicAnswer";
			};
			name = Debug;
		};
		55BF0D732987D2B600CC8FB4 /* Release */ = {
			isa = XCBuildConfiguration;
			buildSettings = {
				ALWAYS_EMBED_SWIFT_STANDARD_LIBRARIES = YES;
				BUNDLE_LOADER = "$(TEST_HOST)";
				CODE_SIGN_STYLE = Automatic;
				CURRENT_PROJECT_VERSION = 1;
				GENERATE_INFOPLIST_FILE = YES;
				IPHONEOS_DEPLOYMENT_TARGET = 16.2;
				MARKETING_VERSION = 1.0;
				PRODUCT_BUNDLE_IDENTIFIER = com.picAnswer.PicAnswerTests;
				PRODUCT_NAME = "$(TARGET_NAME)";
				SWIFT_EMIT_LOC_STRINGS = NO;
				SWIFT_VERSION = 5.0;
				TARGETED_DEVICE_FAMILY = "1,2";
				TEST_HOST = "$(BUILT_PRODUCTS_DIR)/PicAnswer.app/$(BUNDLE_EXECUTABLE_FOLDER_PATH)/PicAnswer";
			};
			name = Release;
		};
		55BF0D752987D2B600CC8FB4 /* Debug */ = {
			isa = XCBuildConfiguration;
			buildSettings = {
				ALWAYS_EMBED_SWIFT_STANDARD_LIBRARIES = YES;
				CODE_SIGN_STYLE = Automatic;
				CURRENT_PROJECT_VERSION = 1;
				GENERATE_INFOPLIST_FILE = YES;
				MARKETING_VERSION = 1.0;
				PRODUCT_BUNDLE_IDENTIFIER = com.picAnswer.PicAnswerUITests;
				PRODUCT_NAME = "$(TARGET_NAME)";
				SWIFT_EMIT_LOC_STRINGS = NO;
				SWIFT_VERSION = 5.0;
				TARGETED_DEVICE_FAMILY = "1,2";
				TEST_TARGET_NAME = PicAnswer;
			};
			name = Debug;
		};
		55BF0D762987D2B600CC8FB4 /* Release */ = {
			isa = XCBuildConfiguration;
			buildSettings = {
				ALWAYS_EMBED_SWIFT_STANDARD_LIBRARIES = YES;
				CODE_SIGN_STYLE = Automatic;
				CURRENT_PROJECT_VERSION = 1;
				GENERATE_INFOPLIST_FILE = YES;
				MARKETING_VERSION = 1.0;
				PRODUCT_BUNDLE_IDENTIFIER = com.picAnswer.PicAnswerUITests;
				PRODUCT_NAME = "$(TARGET_NAME)";
				SWIFT_EMIT_LOC_STRINGS = NO;
				SWIFT_VERSION = 5.0;
				TARGETED_DEVICE_FAMILY = "1,2";
				TEST_TARGET_NAME = PicAnswer;
			};
			name = Release;
		};
/* End XCBuildConfiguration section */

/* Begin XCConfigurationList section */
		55BF0D3F2987D2B300CC8FB4 /* Build configuration list for PBXProject "PicAnswer" */ = {
			isa = XCConfigurationList;
			buildConfigurations = (
				55BF0D6C2987D2B600CC8FB4 /* Debug */,
				55BF0D6D2987D2B600CC8FB4 /* Release */,
			);
			defaultConfigurationIsVisible = 0;
			defaultConfigurationName = Release;
		};
		55BF0D6E2987D2B600CC8FB4 /* Build configuration list for PBXNativeTarget "PicAnswer" */ = {
			isa = XCConfigurationList;
			buildConfigurations = (
				55BF0D6F2987D2B600CC8FB4 /* Debug */,
				55BF0D702987D2B600CC8FB4 /* Release */,
			);
			defaultConfigurationIsVisible = 0;
			defaultConfigurationName = Release;
		};
		55BF0D712987D2B600CC8FB4 /* Build configuration list for PBXNativeTarget "PicAnswerTests" */ = {
			isa = XCConfigurationList;
			buildConfigurations = (
				55BF0D722987D2B600CC8FB4 /* Debug */,
				55BF0D732987D2B600CC8FB4 /* Release */,
			);
			defaultConfigurationIsVisible = 0;
			defaultConfigurationName = Release;
		};
		55BF0D742987D2B600CC8FB4 /* Build configuration list for PBXNativeTarget "PicAnswerUITests" */ = {
			isa = XCConfigurationList;
			buildConfigurations = (
				55BF0D752987D2B600CC8FB4 /* Debug */,
				55BF0D762987D2B600CC8FB4 /* Release */,
			);
			defaultConfigurationIsVisible = 0;
			defaultConfigurationName = Release;
		};
/* End XCConfigurationList section */
	};
	rootObject = 55BF0D3C2987D2B300CC8FB4 /* Project object */;
}
